
Microsoft Visual Studio Solution File, Format Version 12.00
# Visual Studio Version 17
VisualStudioVersion = 17.8.34525.116
MinimumVisualStudioVersion = 10.0.40219.1
Project("{FAE04EC0-301F-11D3-BF4B-00C04F79EFBC}") = "listview", "listview.csproj", "{05B36070-CE21-4796-800F-F2042B55F77E}"
EndProject
Global
	GlobalSection(SolutionConfigurationPlatforms) = preSolution
		Debug|Any CPU = Debug|Any CPU
		Release|Any CPU = Release|Any CPU
	EndGlobalSection
	GlobalSection(ProjectConfigurationPlatforms) = postSolution
		{05B36070-CE21-4796-800F-F2042B55F77E}.Debug|Any CPU.ActiveCfg = Debug|Any CPU
		{05B36070-CE21-4796-800F-F2042B55F77E}.Debug|Any CPU.Build.0 = Debug|Any CPU
		{05B36070-CE21-4796-800F-F2042B55F77E}.Release|Any CPU.ActiveCfg = Release|Any CPU
		{05B36070-CE21-4796-800F-F2042B55F77E}.Release|Any CPU.Build.0 = Release|Any CPU
	EndGlobalSection
	GlobalSection(SolutionProperties) = preSolution
		HideSolutionNode = FALSE
	EndGlobalSection
	GlobalSection(ExtensibilityGlobals) = postSolution
		SolutionGuid = {CB27D91B-3EFF-4A34-80F6-000EAE1AB33F}
	EndGlobalSection
EndGlobal
