
Microsoft Visual Studio Solution File, Format Version 12.00
# Visual Studio Version 17
VisualStudioVersion = 17.8.34525.116
MinimumVisualStudioVersion = 10.0.40219.1
Project("{FAE04EC0-301F-11D3-BF4B-00C04F79EFBC}") = "toDoList", "toDoList.csproj", "{FB2F9F85-FA4D-4DDE-B737-9A2EAF6910AD}"
EndProject
Global
	GlobalSection(SolutionConfigurationPlatforms) = preSolution
		Debug|Any CPU = Debug|Any CPU
		Release|Any CPU = Release|Any CPU
	EndGlobalSection
	GlobalSection(ProjectConfigurationPlatforms) = postSolution
		{FB2F9F85-FA4D-4DDE-B737-9A2EAF6910AD}.Debug|Any CPU.ActiveCfg = Debug|Any CPU
		{FB2F9F85-FA4D-4DDE-B737-9A2EAF6910AD}.Debug|Any CPU.Build.0 = Debug|Any CPU
		{FB2F9F85-FA4D-4DDE-B737-9A2EAF6910AD}.Release|Any CPU.ActiveCfg = Release|Any CPU
		{FB2F9F85-FA4D-4DDE-B737-9A2EAF6910AD}.Release|Any CPU.Build.0 = Release|Any CPU
	EndGlobalSection
	GlobalSection(SolutionProperties) = preSolution
		HideSolutionNode = FALSE
	EndGlobalSection
	GlobalSection(ExtensibilityGlobals) = postSolution
		SolutionGuid = {2803111D-16F8-4C2E-81E5-A2BDC9BB2759}
	EndGlobalSection
EndGlobal
